
Microsoft Visual Studio Solution File, Format Version 12.00
# Visual Studio 15
VisualStudioVersion = 15.0.28307.421
MinimumVisualStudioVersion = 10.0.40219.1
Project("{F184B08F-C81C-45F6-A57F-5ABD9991F28F}") = "Misthodosia", "Misthodosia\Misthodosia.vbproj", "{126479D2-35C2-493E-8601-4547336361CC}"
EndProject
Project("{54435603-DBB4-11D2-8724-00A0C9A8B90C}") = "Setup1", "Setup1\Setup1.vdproj", "{8F62E6CC-BCA2-4854-BC84-348A6ECEA8DA}"
EndProject
Global
	GlobalSection(SolutionConfigurationPlatforms) = preSolution
		Debug|Any CPU = Debug|Any CPU
		Release|Any CPU = Release|Any CPU
	EndGlobalSection
	GlobalSection(ProjectConfigurationPlatforms) = postSolution
		{126479D2-35C2-493E-8601-4547336361CC}.Debug|Any CPU.ActiveCfg = Debug|Any CPU
		{126479D2-35C2-493E-8601-4547336361CC}.Debug|Any CPU.Build.0 = Debug|Any CPU
		{126479D2-35C2-493E-8601-4547336361CC}.Release|Any CPU.ActiveCfg = Release|Any CPU
		{126479D2-35C2-493E-8601-4547336361CC}.Release|Any CPU.Build.0 = Release|Any CPU
		{8F62E6CC-BCA2-4854-BC84-348A6ECEA8DA}.Debug|Any CPU.ActiveCfg = Debug
		{8F62E6CC-BCA2-4854-BC84-348A6ECEA8DA}.Release|Any CPU.ActiveCfg = Release
	EndGlobalSection
	GlobalSection(SolutionProperties) = preSolution
		HideSolutionNode = FALSE
	EndGlobalSection
	GlobalSection(ExtensibilityGlobals) = postSolution
		SolutionGuid = {6E68A444-FC2F-484A-81DF-EFCC5B5097D9}
	EndGlobalSection
EndGlobal
